
Microsoft Visual Studio Solution File, Format Version 12.00
# Visual Studio Version 17
VisualStudioVersion = 17.3.32901.215
MinimumVisualStudioVersion = 10.0.40219.1
Project("{FAE04EC0-301F-11D3-BF4B-00C04F79EFBC}") = "erronka1DLL", "erronka1DLL\erronka1DLL.csproj", "{666C1DF3-0C8A-48C2-99F2-422A6C1FCFAD}"
EndProject
Global
	GlobalSection(SolutionConfigurationPlatforms) = preSolution
		Debug|Any CPU = Debug|Any CPU
		Release|Any CPU = Release|Any CPU
	EndGlobalSection
	GlobalSection(ProjectConfigurationPlatforms) = postSolution
		{666C1DF3-0C8A-48C2-99F2-422A6C1FCFAD}.Debug|Any CPU.ActiveCfg = Debug|Any CPU
		{666C1DF3-0C8A-48C2-99F2-422A6C1FCFAD}.Debug|Any CPU.Build.0 = Debug|Any CPU
		{666C1DF3-0C8A-48C2-99F2-422A6C1FCFAD}.Release|Any CPU.ActiveCfg = Release|Any CPU
		{666C1DF3-0C8A-48C2-99F2-422A6C1FCFAD}.Release|Any CPU.Build.0 = Release|Any CPU
	EndGlobalSection
	GlobalSection(SolutionProperties) = preSolution
		HideSolutionNode = FALSE
	EndGlobalSection
	GlobalSection(ExtensibilityGlobals) = postSolution
		SolutionGuid = {2E285061-EA03-4973-855F-E62DB63D06FD}
	EndGlobalSection
EndGlobal
