
Microsoft Visual Studio Solution File, Format Version 12.00
# Visual Studio Version 17
VisualStudioVersion = 17.3.32901.215
MinimumVisualStudioVersion = 10.0.40219.1
Project("{FAE04EC0-301F-11D3-BF4B-00C04F79EFBC}") = "AginteKoadroaErronka", "AginteKoadroaErronka\AginteKoadroaErronka.csproj", "{1100942F-E93D-4545-B74E-9EF4BA992532}"
EndProject
Project("{FAE04EC0-301F-11D3-BF4B-00C04F79EFBC}") = "Grafikoa", "Grafikoa\Grafikoa.csproj", "{8EBAA0AF-637B-4B99-84E7-5741D98B975A}"
EndProject
Global
	GlobalSection(SolutionConfigurationPlatforms) = preSolution
		Debug|Any CPU = Debug|Any CPU
		Release|Any CPU = Release|Any CPU
	EndGlobalSection
	GlobalSection(ProjectConfigurationPlatforms) = postSolution
		{1100942F-E93D-4545-B74E-9EF4BA992532}.Debug|Any CPU.ActiveCfg = Debug|Any CPU
		{1100942F-E93D-4545-B74E-9EF4BA992532}.Debug|Any CPU.Build.0 = Debug|Any CPU
		{1100942F-E93D-4545-B74E-9EF4BA992532}.Release|Any CPU.ActiveCfg = Release|Any CPU
		{1100942F-E93D-4545-B74E-9EF4BA992532}.Release|Any CPU.Build.0 = Release|Any CPU
		{8EBAA0AF-637B-4B99-84E7-5741D98B975A}.Debug|Any CPU.ActiveCfg = Debug|Any CPU
		{8EBAA0AF-637B-4B99-84E7-5741D98B975A}.Debug|Any CPU.Build.0 = Debug|Any CPU
		{8EBAA0AF-637B-4B99-84E7-5741D98B975A}.Release|Any CPU.ActiveCfg = Release|Any CPU
		{8EBAA0AF-637B-4B99-84E7-5741D98B975A}.Release|Any CPU.Build.0 = Release|Any CPU
	EndGlobalSection
	GlobalSection(SolutionProperties) = preSolution
		HideSolutionNode = FALSE
	EndGlobalSection
	GlobalSection(ExtensibilityGlobals) = postSolution
		SolutionGuid = {76D92F2F-9A6C-4151-BD69-E037A3F36C7A}
	EndGlobalSection
EndGlobal
